# generated by rye
# use `rye lock` or `rye sync` to update this lockfile
#
# last locked with the following flags:
#   pre: false
#   features: []
#   all-features: false
#   with-sources: false
#   generate-hashes: false

-e file:.
joblib==1.4.2
    # via harvest-planner
    # via scikit-learn
numpy==2.0.0
    # via harvest-planner
    # via pandas
    # via scikit-learn
    # via scipy
pandas==2.2.2
    # via harvest-planner
python-dateutil==2.9.0.post0
    # via pandas
pytz==2024.1
    # via pandas
scikit-learn==1.5.0
    # via harvest-planner
scipy==1.14.0
    # via harvest-planner
    # via scikit-learn
six==1.16.0
    # via python-dateutil
threadpoolctl==3.5.0
    # via scikit-learn
tzdata==2024.1
    # via pandas
